
Microsoft Visual Studio Solution File, Format Version 12.00
# Visual Studio Version 16
VisualStudioVersion = 16.0.31624.102
MinimumVisualStudioVersion = 10.0.40219.1
Project("{8BC9CEB8-8B4A-11D0-8D11-00A0C91BC942}") = "Project1", "Project1\Project1.vcxproj", "{98007D27-E092-402A-87A7-856867198852}"
EndProject
Project("{8BC9CEB8-8B4A-11D0-8D11-00A0C91BC942}") = "Project2", "Project2\Project2.vcxproj", "{0FDECE32-CA1E-48B9-BA01-01D35BA270FB}"
EndProject
Global
	GlobalSection(SolutionConfigurationPlatforms) = preSolution
		Debug|x64 = Debug|x64
		Debug|x86 = Debug|x86
		Release|x64 = Release|x64
		Release|x86 = Release|x86
	EndGlobalSection
	GlobalSection(ProjectConfigurationPlatforms) = postSolution
		{98007D27-E092-402A-87A7-856867198852}.Debug|x64.ActiveCfg = Debug|x64
		{98007D27-E092-402A-87A7-856867198852}.Debug|x64.Build.0 = Debug|x64
		{98007D27-E092-402A-87A7-856867198852}.Debug|x86.ActiveCfg = Debug|Win32
		{98007D27-E092-402A-87A7-856867198852}.Debug|x86.Build.0 = Debug|Win32
		{98007D27-E092-402A-87A7-856867198852}.Release|x64.ActiveCfg = Release|x64
		{98007D27-E092-402A-87A7-856867198852}.Release|x64.Build.0 = Release|x64
		{98007D27-E092-402A-87A7-856867198852}.Release|x86.ActiveCfg = Release|Win32
		{98007D27-E092-402A-87A7-856867198852}.Release|x86.Build.0 = Release|Win32
		{0FDECE32-CA1E-48B9-BA01-01D35BA270FB}.Debug|x64.ActiveCfg = Debug|x64
		{0FDECE32-CA1E-48B9-BA01-01D35BA270FB}.Debug|x64.Build.0 = Debug|x64
		{0FDECE32-CA1E-48B9-BA01-01D35BA270FB}.Debug|x86.ActiveCfg = Debug|Win32
		{0FDECE32-CA1E-48B9-BA01-01D35BA270FB}.Debug|x86.Build.0 = Debug|Win32
		{0FDECE32-CA1E-48B9-BA01-01D35BA270FB}.Release|x64.ActiveCfg = Release|x64
		{0FDECE32-CA1E-48B9-BA01-01D35BA270FB}.Release|x64.Build.0 = Release|x64
		{0FDECE32-CA1E-48B9-BA01-01D35BA270FB}.Release|x86.ActiveCfg = Release|Win32
		{0FDECE32-CA1E-48B9-BA01-01D35BA270FB}.Release|x86.Build.0 = Release|Win32
	EndGlobalSection
	GlobalSection(SolutionProperties) = preSolution
		HideSolutionNode = FALSE
	EndGlobalSection
	GlobalSection(ExtensibilityGlobals) = postSolution
		SolutionGuid = {30E28CD2-2F24-4A3C-B47A-925D477B1CE1}
	EndGlobalSection
EndGlobal
