
Microsoft Visual Studio Solution File, Format Version 12.00
# Visual Studio Version 16
VisualStudioVersion = 16.0.31624.102
MinimumVisualStudioVersion = 10.0.40219.1
Project("{8BC9CEB8-8B4A-11D0-8D11-00A0C91BC942}") = "Task2", "Task2\Task2.vcxproj", "{4B8D0947-46EC-4C6C-A5F4-7FEE59CEF79E}"
EndProject
Project("{8BC9CEB8-8B4A-11D0-8D11-00A0C91BC942}") = "Task1", "Task1\Task1.vcxproj", "{ED5DF79D-9C3E-45A4-B4E9-4C012C85689B}"
EndProject
Project("{8BC9CEB8-8B4A-11D0-8D11-00A0C91BC942}") = "Task3", "Task3\Task3.vcxproj", "{3F9E1A25-9D55-4842-8A06-B1FE7593B8B1}"
EndProject
Project("{8BC9CEB8-8B4A-11D0-8D11-00A0C91BC942}") = "Task4", "Task4\Task4.vcxproj", "{F33D5D96-D8FF-42F7-8E6B-D165FABAD12E}"
EndProject
Project("{8BC9CEB8-8B4A-11D0-8D11-00A0C91BC942}") = "Task5", "Task5\Task5.vcxproj", "{400BCEC4-66D6-47C9-B5D6-25BADD3AC12B}"
EndProject
Project("{8BC9CEB8-8B4A-11D0-8D11-00A0C91BC942}") = "Task6", "Task6\Task6.vcxproj", "{2AE3124A-E7CF-4558-938C-2CB5D9F44077}"
EndProject
Project("{8BC9CEB8-8B4A-11D0-8D11-00A0C91BC942}") = "Task7", "Task7\Task7.vcxproj", "{177480F3-F285-4BBD-AA2E-09F0E6B31EA8}"
EndProject
Project("{8BC9CEB8-8B4A-11D0-8D11-00A0C91BC942}") = "Task8", "Task8\Task8.vcxproj", "{E94E1D44-EC41-4E05-8B85-2CB01D4C72BC}"
EndProject
Project("{8BC9CEB8-8B4A-11D0-8D11-00A0C91BC942}") = "Task9", "Task9\Task9.vcxproj", "{B17D164B-7CA3-44FA-884B-66B2C8975C13}"
EndProject
Project("{8BC9CEB8-8B4A-11D0-8D11-00A0C91BC942}") = "Task10", "Task10\Task10.vcxproj", "{FA7EF283-6F43-428C-8A66-34424BC53D84}"
EndProject
Global
	GlobalSection(SolutionConfigurationPlatforms) = preSolution
		Debug|x64 = Debug|x64
		Debug|x86 = Debug|x86
		Release|x64 = Release|x64
		Release|x86 = Release|x86
	EndGlobalSection
	GlobalSection(ProjectConfigurationPlatforms) = postSolution
		{4B8D0947-46EC-4C6C-A5F4-7FEE59CEF79E}.Debug|x64.ActiveCfg = Debug|x64
		{4B8D0947-46EC-4C6C-A5F4-7FEE59CEF79E}.Debug|x64.Build.0 = Debug|x64
		{4B8D0947-46EC-4C6C-A5F4-7FEE59CEF79E}.Debug|x86.ActiveCfg = Debug|Win32
		{4B8D0947-46EC-4C6C-A5F4-7FEE59CEF79E}.Debug|x86.Build.0 = Debug|Win32
		{4B8D0947-46EC-4C6C-A5F4-7FEE59CEF79E}.Release|x64.ActiveCfg = Release|x64
		{4B8D0947-46EC-4C6C-A5F4-7FEE59CEF79E}.Release|x64.Build.0 = Release|x64
		{4B8D0947-46EC-4C6C-A5F4-7FEE59CEF79E}.Release|x86.ActiveCfg = Release|Win32
		{4B8D0947-46EC-4C6C-A5F4-7FEE59CEF79E}.Release|x86.Build.0 = Release|Win32
		{ED5DF79D-9C3E-45A4-B4E9-4C012C85689B}.Debug|x64.ActiveCfg = Debug|x64
		{ED5DF79D-9C3E-45A4-B4E9-4C012C85689B}.Debug|x64.Build.0 = Debug|x64
		{ED5DF79D-9C3E-45A4-B4E9-4C012C85689B}.Debug|x86.ActiveCfg = Debug|Win32
		{ED5DF79D-9C3E-45A4-B4E9-4C012C85689B}.Debug|x86.Build.0 = Debug|Win32
		{ED5DF79D-9C3E-45A4-B4E9-4C012C85689B}.Release|x64.ActiveCfg = Release|x64
		{ED5DF79D-9C3E-45A4-B4E9-4C012C85689B}.Release|x64.Build.0 = Release|x64
		{ED5DF79D-9C3E-45A4-B4E9-4C012C85689B}.Release|x86.ActiveCfg = Release|Win32
		{ED5DF79D-9C3E-45A4-B4E9-4C012C85689B}.Release|x86.Build.0 = Release|Win32
		{3F9E1A25-9D55-4842-8A06-B1FE7593B8B1}.Debug|x64.ActiveCfg = Debug|x64
		{3F9E1A25-9D55-4842-8A06-B1FE7593B8B1}.Debug|x64.Build.0 = Debug|x64
		{3F9E1A25-9D55-4842-8A06-B1FE7593B8B1}.Debug|x86.ActiveCfg = Debug|Win32
		{3F9E1A25-9D55-4842-8A06-B1FE7593B8B1}.Debug|x86.Build.0 = Debug|Win32
		{3F9E1A25-9D55-4842-8A06-B1FE7593B8B1}.Release|x64.ActiveCfg = Release|x64
		{3F9E1A25-9D55-4842-8A06-B1FE7593B8B1}.Release|x64.Build.0 = Release|x64
		{3F9E1A25-9D55-4842-8A06-B1FE7593B8B1}.Release|x86.ActiveCfg = Release|Win32
		{3F9E1A25-9D55-4842-8A06-B1FE7593B8B1}.Release|x86.Build.0 = Release|Win32
		{F33D5D96-D8FF-42F7-8E6B-D165FABAD12E}.Debug|x64.ActiveCfg = Debug|x64
		{F33D5D96-D8FF-42F7-8E6B-D165FABAD12E}.Debug|x64.Build.0 = Debug|x64
		{F33D5D96-D8FF-42F7-8E6B-D165FABAD12E}.Debug|x86.ActiveCfg = Debug|Win32
		{F33D5D96-D8FF-42F7-8E6B-D165FABAD12E}.Debug|x86.Build.0 = Debug|Win32
		{F33D5D96-D8FF-42F7-8E6B-D165FABAD12E}.Release|x64.ActiveCfg = Release|x64
		{F33D5D96-D8FF-42F7-8E6B-D165FABAD12E}.Release|x64.Build.0 = Release|x64
		{F33D5D96-D8FF-42F7-8E6B-D165FABAD12E}.Release|x86.ActiveCfg = Release|Win32
		{F33D5D96-D8FF-42F7-8E6B-D165FABAD12E}.Release|x86.Build.0 = Release|Win32
		{400BCEC4-66D6-47C9-B5D6-25BADD3AC12B}.Debug|x64.ActiveCfg = Debug|x64
		{400BCEC4-66D6-47C9-B5D6-25BADD3AC12B}.Debug|x64.Build.0 = Debug|x64
		{400BCEC4-66D6-47C9-B5D6-25BADD3AC12B}.Debug|x86.ActiveCfg = Debug|Win32
		{400BCEC4-66D6-47C9-B5D6-25BADD3AC12B}.Debug|x86.Build.0 = Debug|Win32
		{400BCEC4-66D6-47C9-B5D6-25BADD3AC12B}.Release|x64.ActiveCfg = Release|x64
		{400BCEC4-66D6-47C9-B5D6-25BADD3AC12B}.Release|x64.Build.0 = Release|x64
		{400BCEC4-66D6-47C9-B5D6-25BADD3AC12B}.Release|x86.ActiveCfg = Release|Win32
		{400BCEC4-66D6-47C9-B5D6-25BADD3AC12B}.Release|x86.Build.0 = Release|Win32
		{2AE3124A-E7CF-4558-938C-2CB5D9F44077}.Debug|x64.ActiveCfg = Debug|x64
		{2AE3124A-E7CF-4558-938C-2CB5D9F44077}.Debug|x64.Build.0 = Debug|x64
		{2AE3124A-E7CF-4558-938C-2CB5D9F44077}.Debug|x86.ActiveCfg = Debug|Win32
		{2AE3124A-E7CF-4558-938C-2CB5D9F44077}.Debug|x86.Build.0 = Debug|Win32
		{2AE3124A-E7CF-4558-938C-2CB5D9F44077}.Release|x64.ActiveCfg = Release|x64
		{2AE3124A-E7CF-4558-938C-2CB5D9F44077}.Release|x64.Build.0 = Release|x64
		{2AE3124A-E7CF-4558-938C-2CB5D9F44077}.Release|x86.ActiveCfg = Release|Win32
		{2AE3124A-E7CF-4558-938C-2CB5D9F44077}.Release|x86.Build.0 = Release|Win32
		{177480F3-F285-4BBD-AA2E-09F0E6B31EA8}.Debug|x64.ActiveCfg = Debug|x64
		{177480F3-F285-4BBD-AA2E-09F0E6B31EA8}.Debug|x64.Build.0 = Debug|x64
		{177480F3-F285-4BBD-AA2E-09F0E6B31EA8}.Debug|x86.ActiveCfg = Debug|Win32
		{177480F3-F285-4BBD-AA2E-09F0E6B31EA8}.Debug|x86.Build.0 = Debug|Win32
		{177480F3-F285-4BBD-AA2E-09F0E6B31EA8}.Release|x64.ActiveCfg = Release|x64
		{177480F3-F285-4BBD-AA2E-09F0E6B31EA8}.Release|x64.Build.0 = Release|x64
		{177480F3-F285-4BBD-AA2E-09F0E6B31EA8}.Release|x86.ActiveCfg = Release|Win32
		{177480F3-F285-4BBD-AA2E-09F0E6B31EA8}.Release|x86.Build.0 = Release|Win32
		{E94E1D44-EC41-4E05-8B85-2CB01D4C72BC}.Debug|x64.ActiveCfg = Debug|x64
		{E94E1D44-EC41-4E05-8B85-2CB01D4C72BC}.Debug|x64.Build.0 = Debug|x64
		{E94E1D44-EC41-4E05-8B85-2CB01D4C72BC}.Debug|x86.ActiveCfg = Debug|Win32
		{E94E1D44-EC41-4E05-8B85-2CB01D4C72BC}.Debug|x86.Build.0 = Debug|Win32
		{E94E1D44-EC41-4E05-8B85-2CB01D4C72BC}.Release|x64.ActiveCfg = Release|x64
		{E94E1D44-EC41-4E05-8B85-2CB01D4C72BC}.Release|x64.Build.0 = Release|x64
		{E94E1D44-EC41-4E05-8B85-2CB01D4C72BC}.Release|x86.ActiveCfg = Release|Win32
		{E94E1D44-EC41-4E05-8B85-2CB01D4C72BC}.Release|x86.Build.0 = Release|Win32
		{B17D164B-7CA3-44FA-884B-66B2C8975C13}.Debug|x64.ActiveCfg = Debug|x64
		{B17D164B-7CA3-44FA-884B-66B2C8975C13}.Debug|x64.Build.0 = Debug|x64
		{B17D164B-7CA3-44FA-884B-66B2C8975C13}.Debug|x86.ActiveCfg = Debug|Win32
		{B17D164B-7CA3-44FA-884B-66B2C8975C13}.Debug|x86.Build.0 = Debug|Win32
		{B17D164B-7CA3-44FA-884B-66B2C8975C13}.Release|x64.ActiveCfg = Release|x64
		{B17D164B-7CA3-44FA-884B-66B2C8975C13}.Release|x64.Build.0 = Release|x64
		{B17D164B-7CA3-44FA-884B-66B2C8975C13}.Release|x86.ActiveCfg = Release|Win32
		{B17D164B-7CA3-44FA-884B-66B2C8975C13}.Release|x86.Build.0 = Release|Win32
		{FA7EF283-6F43-428C-8A66-34424BC53D84}.Debug|x64.ActiveCfg = Debug|x64
		{FA7EF283-6F43-428C-8A66-34424BC53D84}.Debug|x64.Build.0 = Debug|x64
		{FA7EF283-6F43-428C-8A66-34424BC53D84}.Debug|x86.ActiveCfg = Debug|Win32
		{FA7EF283-6F43-428C-8A66-34424BC53D84}.Debug|x86.Build.0 = Debug|Win32
		{FA7EF283-6F43-428C-8A66-34424BC53D84}.Release|x64.ActiveCfg = Release|x64
		{FA7EF283-6F43-428C-8A66-34424BC53D84}.Release|x64.Build.0 = Release|x64
		{FA7EF283-6F43-428C-8A66-34424BC53D84}.Release|x86.ActiveCfg = Release|Win32
		{FA7EF283-6F43-428C-8A66-34424BC53D84}.Release|x86.Build.0 = Release|Win32
	EndGlobalSection
	GlobalSection(SolutionProperties) = preSolution
		HideSolutionNode = FALSE
	EndGlobalSection
	GlobalSection(ExtensibilityGlobals) = postSolution
		SolutionGuid = {B1046957-67F7-4289-969A-1B3DFC62CF0D}
	EndGlobalSection
EndGlobal
