
Microsoft Visual Studio Solution File, Format Version 12.00
# Visual Studio Version 16
VisualStudioVersion = 16.0.31624.102
MinimumVisualStudioVersion = 10.0.40219.1
Project("{8BC9CEB8-8B4A-11D0-8D11-00A0C91BC942}") = "Task1", "Task1\Task1.vcxproj", "{CCDA40CA-3204-4C25-95D7-DE8FFFA5669B}"
EndProject
Project("{8BC9CEB8-8B4A-11D0-8D11-00A0C91BC942}") = "Task2", "Task2\Task2.vcxproj", "{3FE049C8-1E8F-421F-80B0-399643BA76F4}"
EndProject
Project("{8BC9CEB8-8B4A-11D0-8D11-00A0C91BC942}") = "Task3", "Task3\Task3.vcxproj", "{4B01B39C-C051-46E0-A277-FA678687752E}"
EndProject
Project("{8BC9CEB8-8B4A-11D0-8D11-00A0C91BC942}") = "Task4", "Task4\Task4.vcxproj", "{9C4A2C9A-39EA-446B-9AE9-8F0E95EB1190}"
EndProject
Project("{8BC9CEB8-8B4A-11D0-8D11-00A0C91BC942}") = "Task5", "Task5\Task5.vcxproj", "{4E916789-62B3-4726-BCE0-1BCCF8DB7827}"
EndProject
Project("{8BC9CEB8-8B4A-11D0-8D11-00A0C91BC942}") = "Task6", "Task6\Task6.vcxproj", "{FD3CB0E6-AB41-453D-88CA-AAE78B8AB65D}"
EndProject
Project("{8BC9CEB8-8B4A-11D0-8D11-00A0C91BC942}") = "Task7", "Task7\Task7.vcxproj", "{2BDE39DB-10EB-4AF1-8073-E8EB265FFC67}"
EndProject
Project("{8BC9CEB8-8B4A-11D0-8D11-00A0C91BC942}") = "Task8", "Task8\Task8.vcxproj", "{29D19064-30A6-4FDE-87EC-F46EDF54DFE9}"
EndProject
Project("{8BC9CEB8-8B4A-11D0-8D11-00A0C91BC942}") = "Task9", "Task9\Task9.vcxproj", "{5A752F11-0A50-4438-829F-5D7B834E3A88}"
EndProject
Global
	GlobalSection(SolutionConfigurationPlatforms) = preSolution
		Debug|x64 = Debug|x64
		Debug|x86 = Debug|x86
		Release|x64 = Release|x64
		Release|x86 = Release|x86
	EndGlobalSection
	GlobalSection(ProjectConfigurationPlatforms) = postSolution
		{CCDA40CA-3204-4C25-95D7-DE8FFFA5669B}.Debug|x64.ActiveCfg = Debug|x64
		{CCDA40CA-3204-4C25-95D7-DE8FFFA5669B}.Debug|x64.Build.0 = Debug|x64
		{CCDA40CA-3204-4C25-95D7-DE8FFFA5669B}.Debug|x86.ActiveCfg = Debug|Win32
		{CCDA40CA-3204-4C25-95D7-DE8FFFA5669B}.Debug|x86.Build.0 = Debug|Win32
		{CCDA40CA-3204-4C25-95D7-DE8FFFA5669B}.Release|x64.ActiveCfg = Release|x64
		{CCDA40CA-3204-4C25-95D7-DE8FFFA5669B}.Release|x64.Build.0 = Release|x64
		{CCDA40CA-3204-4C25-95D7-DE8FFFA5669B}.Release|x86.ActiveCfg = Release|Win32
		{CCDA40CA-3204-4C25-95D7-DE8FFFA5669B}.Release|x86.Build.0 = Release|Win32
		{3FE049C8-1E8F-421F-80B0-399643BA76F4}.Debug|x64.ActiveCfg = Debug|x64
		{3FE049C8-1E8F-421F-80B0-399643BA76F4}.Debug|x64.Build.0 = Debug|x64
		{3FE049C8-1E8F-421F-80B0-399643BA76F4}.Debug|x86.ActiveCfg = Debug|Win32
		{3FE049C8-1E8F-421F-80B0-399643BA76F4}.Debug|x86.Build.0 = Debug|Win32
		{3FE049C8-1E8F-421F-80B0-399643BA76F4}.Release|x64.ActiveCfg = Release|x64
		{3FE049C8-1E8F-421F-80B0-399643BA76F4}.Release|x64.Build.0 = Release|x64
		{3FE049C8-1E8F-421F-80B0-399643BA76F4}.Release|x86.ActiveCfg = Release|Win32
		{3FE049C8-1E8F-421F-80B0-399643BA76F4}.Release|x86.Build.0 = Release|Win32
		{4B01B39C-C051-46E0-A277-FA678687752E}.Debug|x64.ActiveCfg = Debug|x64
		{4B01B39C-C051-46E0-A277-FA678687752E}.Debug|x64.Build.0 = Debug|x64
		{4B01B39C-C051-46E0-A277-FA678687752E}.Debug|x86.ActiveCfg = Debug|Win32
		{4B01B39C-C051-46E0-A277-FA678687752E}.Debug|x86.Build.0 = Debug|Win32
		{4B01B39C-C051-46E0-A277-FA678687752E}.Release|x64.ActiveCfg = Release|x64
		{4B01B39C-C051-46E0-A277-FA678687752E}.Release|x64.Build.0 = Release|x64
		{4B01B39C-C051-46E0-A277-FA678687752E}.Release|x86.ActiveCfg = Release|Win32
		{4B01B39C-C051-46E0-A277-FA678687752E}.Release|x86.Build.0 = Release|Win32
		{9C4A2C9A-39EA-446B-9AE9-8F0E95EB1190}.Debug|x64.ActiveCfg = Debug|x64
		{9C4A2C9A-39EA-446B-9AE9-8F0E95EB1190}.Debug|x64.Build.0 = Debug|x64
		{9C4A2C9A-39EA-446B-9AE9-8F0E95EB1190}.Debug|x86.ActiveCfg = Debug|Win32
		{9C4A2C9A-39EA-446B-9AE9-8F0E95EB1190}.Debug|x86.Build.0 = Debug|Win32
		{9C4A2C9A-39EA-446B-9AE9-8F0E95EB1190}.Release|x64.ActiveCfg = Release|x64
		{9C4A2C9A-39EA-446B-9AE9-8F0E95EB1190}.Release|x64.Build.0 = Release|x64
		{9C4A2C9A-39EA-446B-9AE9-8F0E95EB1190}.Release|x86.ActiveCfg = Release|Win32
		{9C4A2C9A-39EA-446B-9AE9-8F0E95EB1190}.Release|x86.Build.0 = Release|Win32
		{4E916789-62B3-4726-BCE0-1BCCF8DB7827}.Debug|x64.ActiveCfg = Debug|x64
		{4E916789-62B3-4726-BCE0-1BCCF8DB7827}.Debug|x64.Build.0 = Debug|x64
		{4E916789-62B3-4726-BCE0-1BCCF8DB7827}.Debug|x86.ActiveCfg = Debug|Win32
		{4E916789-62B3-4726-BCE0-1BCCF8DB7827}.Debug|x86.Build.0 = Debug|Win32
		{4E916789-62B3-4726-BCE0-1BCCF8DB7827}.Release|x64.ActiveCfg = Release|x64
		{4E916789-62B3-4726-BCE0-1BCCF8DB7827}.Release|x64.Build.0 = Release|x64
		{4E916789-62B3-4726-BCE0-1BCCF8DB7827}.Release|x86.ActiveCfg = Release|Win32
		{4E916789-62B3-4726-BCE0-1BCCF8DB7827}.Release|x86.Build.0 = Release|Win32
		{FD3CB0E6-AB41-453D-88CA-AAE78B8AB65D}.Debug|x64.ActiveCfg = Debug|x64
		{FD3CB0E6-AB41-453D-88CA-AAE78B8AB65D}.Debug|x64.Build.0 = Debug|x64
		{FD3CB0E6-AB41-453D-88CA-AAE78B8AB65D}.Debug|x86.ActiveCfg = Debug|Win32
		{FD3CB0E6-AB41-453D-88CA-AAE78B8AB65D}.Debug|x86.Build.0 = Debug|Win32
		{FD3CB0E6-AB41-453D-88CA-AAE78B8AB65D}.Release|x64.ActiveCfg = Release|x64
		{FD3CB0E6-AB41-453D-88CA-AAE78B8AB65D}.Release|x64.Build.0 = Release|x64
		{FD3CB0E6-AB41-453D-88CA-AAE78B8AB65D}.Release|x86.ActiveCfg = Release|Win32
		{FD3CB0E6-AB41-453D-88CA-AAE78B8AB65D}.Release|x86.Build.0 = Release|Win32
		{2BDE39DB-10EB-4AF1-8073-E8EB265FFC67}.Debug|x64.ActiveCfg = Debug|x64
		{2BDE39DB-10EB-4AF1-8073-E8EB265FFC67}.Debug|x64.Build.0 = Debug|x64
		{2BDE39DB-10EB-4AF1-8073-E8EB265FFC67}.Debug|x86.ActiveCfg = Debug|Win32
		{2BDE39DB-10EB-4AF1-8073-E8EB265FFC67}.Debug|x86.Build.0 = Debug|Win32
		{2BDE39DB-10EB-4AF1-8073-E8EB265FFC67}.Release|x64.ActiveCfg = Release|x64
		{2BDE39DB-10EB-4AF1-8073-E8EB265FFC67}.Release|x64.Build.0 = Release|x64
		{2BDE39DB-10EB-4AF1-8073-E8EB265FFC67}.Release|x86.ActiveCfg = Release|Win32
		{2BDE39DB-10EB-4AF1-8073-E8EB265FFC67}.Release|x86.Build.0 = Release|Win32
		{29D19064-30A6-4FDE-87EC-F46EDF54DFE9}.Debug|x64.ActiveCfg = Debug|x64
		{29D19064-30A6-4FDE-87EC-F46EDF54DFE9}.Debug|x64.Build.0 = Debug|x64
		{29D19064-30A6-4FDE-87EC-F46EDF54DFE9}.Debug|x86.ActiveCfg = Debug|Win32
		{29D19064-30A6-4FDE-87EC-F46EDF54DFE9}.Debug|x86.Build.0 = Debug|Win32
		{29D19064-30A6-4FDE-87EC-F46EDF54DFE9}.Release|x64.ActiveCfg = Release|x64
		{29D19064-30A6-4FDE-87EC-F46EDF54DFE9}.Release|x64.Build.0 = Release|x64
		{29D19064-30A6-4FDE-87EC-F46EDF54DFE9}.Release|x86.ActiveCfg = Release|Win32
		{29D19064-30A6-4FDE-87EC-F46EDF54DFE9}.Release|x86.Build.0 = Release|Win32
		{5A752F11-0A50-4438-829F-5D7B834E3A88}.Debug|x64.ActiveCfg = Debug|x64
		{5A752F11-0A50-4438-829F-5D7B834E3A88}.Debug|x64.Build.0 = Debug|x64
		{5A752F11-0A50-4438-829F-5D7B834E3A88}.Debug|x86.ActiveCfg = Debug|Win32
		{5A752F11-0A50-4438-829F-5D7B834E3A88}.Debug|x86.Build.0 = Debug|Win32
		{5A752F11-0A50-4438-829F-5D7B834E3A88}.Release|x64.ActiveCfg = Release|x64
		{5A752F11-0A50-4438-829F-5D7B834E3A88}.Release|x64.Build.0 = Release|x64
		{5A752F11-0A50-4438-829F-5D7B834E3A88}.Release|x86.ActiveCfg = Release|Win32
		{5A752F11-0A50-4438-829F-5D7B834E3A88}.Release|x86.Build.0 = Release|Win32
	EndGlobalSection
	GlobalSection(SolutionProperties) = preSolution
		HideSolutionNode = FALSE
	EndGlobalSection
	GlobalSection(ExtensibilityGlobals) = postSolution
		SolutionGuid = {74FCCDF2-0C10-455F-B07A-3A92C8E455D2}
	EndGlobalSection
EndGlobal
